
Microsoft Visual Studio Solution File, Format Version 12.00
# Visual Studio Version 17
VisualStudioVersion = 17.1.32407.343
MinimumVisualStudioVersion = 10.0.40219.1
Project("{FAE04EC0-301F-11D3-BF4B-00C04F79EFBC}") = "heheru", "heheru\heheru.csproj", "{99D226AE-8950-47B4-866B-74FD6CA24D29}"
EndProject
Global
	GlobalSection(SolutionConfigurationPlatforms) = preSolution
		Debug|Any CPU = Debug|Any CPU
		Release|Any CPU = Release|Any CPU
	EndGlobalSection
	GlobalSection(ProjectConfigurationPlatforms) = postSolution
		{99D226AE-8950-47B4-866B-74FD6CA24D29}.Debug|Any CPU.ActiveCfg = Debug|Any CPU
		{99D226AE-8950-47B4-866B-74FD6CA24D29}.Debug|Any CPU.Build.0 = Debug|Any CPU
		{99D226AE-8950-47B4-866B-74FD6CA24D29}.Release|Any CPU.ActiveCfg = Release|Any CPU
		{99D226AE-8950-47B4-866B-74FD6CA24D29}.Release|Any CPU.Build.0 = Release|Any CPU
	EndGlobalSection
	GlobalSection(SolutionProperties) = preSolution
		HideSolutionNode = FALSE
	EndGlobalSection
	GlobalSection(ExtensibilityGlobals) = postSolution
		SolutionGuid = {8F135675-BBD1-40A8-ABCF-9058727AE11B}
	EndGlobalSection
EndGlobal
